{
  "version": 4,
  "terraform_version": "1.4.0",
  "serial": 8,
  "lineage": "ba7e7209-7ef9-a369-f157-74157d77d9d7",
  "outputs": {
    "module_vcn_ids": {
      "value": {
        "internet_gateway_id": "ocid1.internetgateway.oc1.us-chicago-1.aaaaaaaat4vswnrfk6ij5sm3ilwvcx5tvkcbeqjihs52vdduswz3rrtcsk6a",
        "internet_gateway_route_id": "ocid1.routetable.oc1.us-chicago-1.aaaaaaaatpbpwlx3lnzxs2aadgtxelojpi6f7okm6rezum2tmo3vexudghfa",
        "nat_gateway_id": "",
        "nat_gateway_route_id": "",
        "service_gateway_id": "",
        "vcn_default_dhcp_options_id": "ocid1.dhcpoptions.oc1.us-chicago-1.aaaaaaaany4xuj7aaus3ysikelnctdbacjcccszzsxrig5natffwn2lv6afa",
        "vcn_default_route_table_id": "ocid1.routetable.oc1.us-chicago-1.aaaaaaaanj7evx76kv5ajmow7qdwl5obod2n3otsb2xgfphxvnmpv567ob4a",
        "vcn_default_security_list_id": "ocid1.securitylist.oc1.us-chicago-1.aaaaaaaainpsznjl3wqp4po2fnawsgqzsetrynjmil4rvn6bqyfxmek4aguq",
        "vcn_dns_label": "vcn",
        "vcn_id": "ocid1.vcn.oc1.us-chicago-1.amaaaaaaon4ipkyaisp3a5drru7kj7mrvumpexvxqclq3pyrqtlvydm763ra"
      },
      "type": [
        "object",
        {
          "internet_gateway_id": "string",
          "internet_gateway_route_id": "string",
          "nat_gateway_id": "string",
          "nat_gateway_route_id": "string",
          "service_gateway_id": "string",
          "vcn_default_dhcp_options_id": "string",
          "vcn_default_route_table_id": "string",
          "vcn_default_security_list_id": "string",
          "vcn_dns_label": "string",
          "vcn_id": "string"
        }
      ]
    }
  },
  "resources": [
    {
      "module": "module.vcn",
      "mode": "managed",
      "type": "oci_core_default_security_list",
      "name": "restore_default",
      "provider": "provider[\"registry.terraform.io/oracle/oci\"]",
      "instances": [
        {
          "index_key": 0,
          "schema_version": 0,
          "attributes": {
            "compartment_id": "ocid1.compartment.oc1..aaaaaaaahk32cxqknzecu7o4dcwncnoqmztfctkrfxwcp6sxp3wms5iy42va",
            "defined_tags": {
              "Oracle-Tags.CreatedBy": "default/tf-user",
              "Oracle-Tags.CreatedOn": "2023-07-05T23:43:02.305Z"
            },
            "display_name": "Default Security List for dev-vcn",
            "egress_security_rules": [
              {
                "description": "",
                "destination": "0.0.0.0/0",
                "destination_type": "CIDR_BLOCK",
                "icmp_options": [],
                "protocol": "all",
                "stateless": false,
                "tcp_options": [],
                "udp_options": []
              }
            ],
            "freeform_tags": {
              "environment": "dev",
              "lob": "finance"
            },
            "id": "ocid1.securitylist.oc1.us-chicago-1.aaaaaaaainpsznjl3wqp4po2fnawsgqzsetrynjmil4rvn6bqyfxmek4aguq",
            "ingress_security_rules": [
              {
                "description": "",
                "icmp_options": [
                  {
                    "code": -1,
                    "type": 3
                  }
                ],
                "protocol": "1",
                "source": "10.0.0.0/16",
                "source_type": "CIDR_BLOCK",
                "stateless": false,
                "tcp_options": [],
                "udp_options": []
              },
              {
                "description": "",
                "icmp_options": [
                  {
                    "code": -1,
                    "type": 3
                  }
                ],
                "protocol": "1",
                "source": "172.16.0.0/16",
                "source_type": "CIDR_BLOCK",
                "stateless": false,
                "tcp_options": [],
                "udp_options": []
              },
              {
                "description": "",
                "icmp_options": [
                  {
                    "code": -1,
                    "type": 3
                  }
                ],
                "protocol": "1",
                "source": "192.168.0.0/24",
                "source_type": "CIDR_BLOCK",
                "stateless": false,
                "tcp_options": [],
                "udp_options": []
              },
              {
                "description": "",
                "icmp_options": [
                  {
                    "code": 4,
                    "type": 3
                  }
                ],
                "protocol": "1",
                "source": "0.0.0.0/0",
                "source_type": "CIDR_BLOCK",
                "stateless": false,
                "tcp_options": [],
                "udp_options": []
              },
              {
                "description": "",
                "icmp_options": [],
                "protocol": "6",
                "source": "0.0.0.0/0",
                "source_type": "CIDR_BLOCK",
                "stateless": false,
                "tcp_options": [
                  {
                    "max": 22,
                    "min": 22,
                    "source_port_range": []
                  }
                ],
                "udp_options": []
              }
            ],
            "manage_default_resource_id": "ocid1.securitylist.oc1.us-chicago-1.aaaaaaaainpsznjl3wqp4po2fnawsgqzsetrynjmil4rvn6bqyfxmek4aguq",
            "state": "AVAILABLE",
            "time_created": "2023-07-05 23:43:02.381 +0000 UTC",
            "timeouts": null
          },
          "sensitive_attributes": [],
          "private": "eyJlMmJmYjczMC1lY2FhLTExZTYtOGY4OC0zNDM2M2JjN2M0YzAiOnsiY3JlYXRlIjoxMjAwMDAwMDAwMDAwLCJkZWxldGUiOjEyMDAwMDAwMDAwMDAsInVwZGF0ZSI6MTIwMDAwMDAwMDAwMH19",
          "dependencies": [
            "module.vcn.oci_core_vcn.vcn"
          ]
        }
      ]
    },
    {
      "module": "module.vcn",
      "mode": "managed",
      "type": "oci_core_internet_gateway",
      "name": "ig",
      "provider": "provider[\"registry.terraform.io/oracle/oci\"]",
      "instances": [
        {
          "index_key": 0,
          "schema_version": 0,
          "attributes": {
            "compartment_id": "ocid1.compartment.oc1..aaaaaaaahk32cxqknzecu7o4dcwncnoqmztfctkrfxwcp6sxp3wms5iy42va",
            "defined_tags": {
              "Oracle-Tags.CreatedBy": "default/tf-user",
              "Oracle-Tags.CreatedOn": "2023-07-06T00:00:15.980Z"
            },
            "display_name": "dev-igw",
            "enabled": true,
            "freeform_tags": {
              "environment": "dev",
              "lob": "finance"
            },
            "id": "ocid1.internetgateway.oc1.us-chicago-1.aaaaaaaat4vswnrfk6ij5sm3ilwvcx5tvkcbeqjihs52vdduswz3rrtcsk6a",
            "route_table_id": null,
            "state": "AVAILABLE",
            "time_created": "2023-07-06 00:00:16.024 +0000 UTC",
            "timeouts": null,
            "vcn_id": "ocid1.vcn.oc1.us-chicago-1.amaaaaaaon4ipkyaisp3a5drru7kj7mrvumpexvxqclq3pyrqtlvydm763ra"
          },
          "sensitive_attributes": [],
          "private": "eyJlMmJmYjczMC1lY2FhLTExZTYtOGY4OC0zNDM2M2JjN2M0YzAiOnsiY3JlYXRlIjoxMjAwMDAwMDAwMDAwLCJkZWxldGUiOjEyMDAwMDAwMDAwMDAsInVwZGF0ZSI6MTIwMDAwMDAwMDAwMH19",
          "dependencies": [
            "module.vcn.oci_core_vcn.vcn"
          ]
        }
      ]
    },
    {
      "module": "module.vcn",
      "mode": "managed",
      "type": "oci_core_route_table",
      "name": "ig",
      "provider": "provider[\"registry.terraform.io/oracle/oci\"]",
      "instances": [
        {
          "index_key": 0,
          "schema_version": 0,
          "attributes": {
            "compartment_id": "ocid1.compartment.oc1..aaaaaaaahk32cxqknzecu7o4dcwncnoqmztfctkrfxwcp6sxp3wms5iy42va",
            "defined_tags": {
              "Oracle-Tags.CreatedBy": "default/tf-user",
              "Oracle-Tags.CreatedOn": "2023-07-06T00:00:16.602Z"
            },
            "display_name": "dev-internet-route",
            "freeform_tags": {
              "environment": "dev",
              "lob": "finance"
            },
            "id": "ocid1.routetable.oc1.us-chicago-1.aaaaaaaatpbpwlx3lnzxs2aadgtxelojpi6f7okm6rezum2tmo3vexudghfa",
            "route_rules": [
              {
                "cidr_block": "",
                "description": "Terraformed - Auto-generated at Internet Gateway creation: Internet Gateway as default gateway",
                "destination": "0.0.0.0/0",
                "destination_type": "CIDR_BLOCK",
                "network_entity_id": "ocid1.internetgateway.oc1.us-chicago-1.aaaaaaaat4vswnrfk6ij5sm3ilwvcx5tvkcbeqjihs52vdduswz3rrtcsk6a",
                "route_type": ""
              }
            ],
            "state": "AVAILABLE",
            "time_created": "2023-07-06 00:00:16.614 +0000 UTC",
            "timeouts": null,
            "vcn_id": "ocid1.vcn.oc1.us-chicago-1.amaaaaaaon4ipkyaisp3a5drru7kj7mrvumpexvxqclq3pyrqtlvydm763ra"
          },
          "sensitive_attributes": [],
          "private": "eyJlMmJmYjczMC1lY2FhLTExZTYtOGY4OC0zNDM2M2JjN2M0YzAiOnsiY3JlYXRlIjoxMjAwMDAwMDAwMDAwLCJkZWxldGUiOjEyMDAwMDAwMDAwMDAsInVwZGF0ZSI6MTIwMDAwMDAwMDAwMH19",
          "dependencies": [
            "module.vcn.oci_core_internet_gateway.ig",
            "module.vcn.oci_core_vcn.vcn"
          ]
        }
      ]
    },
    {
      "module": "module.vcn",
      "mode": "managed",
      "type": "oci_core_vcn",
      "name": "vcn",
      "provider": "provider[\"registry.terraform.io/oracle/oci\"]",
      "instances": [
        {
          "schema_version": 0,
          "attributes": {
            "byoipv6cidr_blocks": [],
            "byoipv6cidr_details": [],
            "cidr_block": "10.0.0.0/16",
            "cidr_blocks": [
              "10.0.0.0/16",
              "172.16.0.0/16",
              "192.168.0.0/24"
            ],
            "compartment_id": "ocid1.compartment.oc1..aaaaaaaahk32cxqknzecu7o4dcwncnoqmztfctkrfxwcp6sxp3wms5iy42va",
            "default_dhcp_options_id": "ocid1.dhcpoptions.oc1.us-chicago-1.aaaaaaaany4xuj7aaus3ysikelnctdbacjcccszzsxrig5natffwn2lv6afa",
            "default_route_table_id": "ocid1.routetable.oc1.us-chicago-1.aaaaaaaanj7evx76kv5ajmow7qdwl5obod2n3otsb2xgfphxvnmpv567ob4a",
            "default_security_list_id": "ocid1.securitylist.oc1.us-chicago-1.aaaaaaaainpsznjl3wqp4po2fnawsgqzsetrynjmil4rvn6bqyfxmek4aguq",
            "defined_tags": {
              "Oracle-Tags.CreatedBy": "default/tf-user",
              "Oracle-Tags.CreatedOn": "2023-07-05T23:43:02.305Z"
            },
            "display_name": "dev-vcn",
            "dns_label": "vcn",
            "freeform_tags": {
              "environment": "dev",
              "lob": "finance"
            },
            "id": "ocid1.vcn.oc1.us-chicago-1.amaaaaaaon4ipkyaisp3a5drru7kj7mrvumpexvxqclq3pyrqtlvydm763ra",
            "ipv6cidr_blocks": [],
            "ipv6private_cidr_blocks": [],
            "is_ipv6enabled": false,
            "is_oracle_gua_allocation_enabled": null,
            "state": "AVAILABLE",
            "time_created": "2023-07-05 23:43:02.381 +0000 UTC",
            "timeouts": null,
            "vcn_domain_name": "vcn.oraclevcn.com"
          },
          "sensitive_attributes": [],
          "private": "eyJlMmJmYjczMC1lY2FhLTExZTYtOGY4OC0zNDM2M2JjN2M0YzAiOnsiY3JlYXRlIjoxMjAwMDAwMDAwMDAwLCJkZWxldGUiOjEyMDAwMDAwMDAwMDAsInVwZGF0ZSI6MTIwMDAwMDAwMDAwMH19"
        }
      ]
    }
  ],
  "check_results": null
}
